
Microsoft Visual Studio Solution File, Format Version 12.00
# Visual Studio 15
Project("{FAE04EC0-301F-11D3-BF4B-00C04F79EFBC}") = "ReadyPlayerMe.Samples.QuickStart", "ReadyPlayerMe.Samples.QuickStart.csproj", "{48360821-6C44-8E38-0F05-8EF1CB17C4F0}"
EndProject
Project("{FAE04EC0-301F-11D3-BF4B-00C04F79EFBC}") = "Unity.XR.Interaction.Toolkit.Samples.StarterAssets", "Unity.XR.Interaction.Toolkit.Samples.StarterAssets.csproj", "{F77B4A79-CB10-7343-7E5D-53A9BF0A24A9}"
EndProject
Project("{FAE04EC0-301F-11D3-BF4B-00C04F79EFBC}") = "Unity.XR.Interaction.Toolkit.Samples.StarterAssets.Editor", "Unity.XR.Interaction.Toolkit.Samples.StarterAssets.Editor.csproj", "{A74D96A2-26B1-8CC2-919A-6044FA913C6A}"
EndProject
Global
	GlobalSection(SolutionConfigurationPlatforms) = preSolution
		Debug|Any CPU = Debug|Any CPU
		Release|Any CPU = Release|Any CPU
	EndGlobalSection
	GlobalSection(ProjectConfigurationPlatforms) = postSolution
		{48360821-6C44-8E38-0F05-8EF1CB17C4F0}.Debug|Any CPU.ActiveCfg = Debug|Any CPU
		{48360821-6C44-8E38-0F05-8EF1CB17C4F0}.Debug|Any CPU.Build.0 = Debug|Any CPU
		{48360821-6C44-8E38-0F05-8EF1CB17C4F0}.Release|Any CPU.ActiveCfg = Release|Any CPU
		{48360821-6C44-8E38-0F05-8EF1CB17C4F0}.Release|Any CPU.Build.0 = Release|Any CPU
		{F77B4A79-CB10-7343-7E5D-53A9BF0A24A9}.Debug|Any CPU.ActiveCfg = Debug|Any CPU
		{F77B4A79-CB10-7343-7E5D-53A9BF0A24A9}.Debug|Any CPU.Build.0 = Debug|Any CPU
		{F77B4A79-CB10-7343-7E5D-53A9BF0A24A9}.Release|Any CPU.ActiveCfg = Release|Any CPU
		{F77B4A79-CB10-7343-7E5D-53A9BF0A24A9}.Release|Any CPU.Build.0 = Release|Any CPU
		{A74D96A2-26B1-8CC2-919A-6044FA913C6A}.Debug|Any CPU.ActiveCfg = Debug|Any CPU
		{A74D96A2-26B1-8CC2-919A-6044FA913C6A}.Debug|Any CPU.Build.0 = Debug|Any CPU
		{A74D96A2-26B1-8CC2-919A-6044FA913C6A}.Release|Any CPU.ActiveCfg = Release|Any CPU
		{A74D96A2-26B1-8CC2-919A-6044FA913C6A}.Release|Any CPU.Build.0 = Release|Any CPU
	EndGlobalSection
	GlobalSection(SolutionProperties) = preSolution
		HideSolutionNode = FALSE
	EndGlobalSection
EndGlobal
